// !$*UTF8*$!
{
	archiveVersion = 1;
	classes = {
	};
	objectVersion = 51;
	objects = {

/* Begin PBXBuildFile section */
		A01943BB263826B4007DC553 /* Strings.swift in Sources */ = {isa = PBXBuildFile; fileRef = A01943B9263826B4007DC553 /* Strings.swift */; };
		A01943BC263826B4007DC553 /* Assets.swift in Sources */ = {isa = PBXBuildFile; fileRef = A01943BA263826B4007DC553 /* Assets.swift */; };
		A01943C2263826C2007DC553 /* Assets.xcassets in Resources */ = {isa = PBXBuildFile; fileRef = A01943BF263826C2007DC553 /* Assets.xcassets */; };
		A01943C3263826C2007DC553 /* LaunchScreen.storyboard in Resources */ = {isa = PBXBuildFile; fileRef = A01943C0263826C2007DC553 /* LaunchScreen.storyboard */; };
		A01943CC263826EA007DC553 /* AppDelegate.swift in Sources */ = {isa = PBXBuildFile; fileRef = A01943C8263826EA007DC553 /* AppDelegate.swift */; };
		A01943CD263826EA007DC553 /* ContentView.swift in Sources */ = {isa = PBXBuildFile; fileRef = A01943C9263826EA007DC553 /* ContentView.swift */; };
		A01943CE263826EA007DC553 /* SceneDelegate.swift in Sources */ = {isa = PBXBuildFile; fileRef = A01943CA263826EA007DC553 /* SceneDelegate.swift */; };
		A01943E726383430007DC553 /* ZoomScreenView.swift in Sources */ = {isa = PBXBuildFile; fileRef = A01943E626383430007DC553 /* ZoomScreenView.swift */; };
		A01943E9263834CD007DC553 /* Pods_ZoomSample.framework in Frameworks */ = {isa = PBXBuildFile; fileRef = F7503564E6F865C93B2515B4 /* Pods_ZoomSample.framework */; };
		A030FC792637DB8A00774D0E /* Preview Assets.xcassets in Resources */ = {isa = PBXBuildFile; fileRef = A030FC782637DB8A00774D0E /* Preview Assets.xcassets */; };
/* End PBXBuildFile section */

/* Begin PBXFileReference section */
		2A234317EA8E03F808759CDE /* Pods-ZoomSample.release.xcconfig */ = {isa = PBXFileReference; includeInIndex = 1; lastKnownFileType = text.xcconfig; name = "Pods-ZoomSample.release.xcconfig"; path = "Target Support Files/Pods-ZoomSample/Pods-ZoomSample.release.xcconfig"; sourceTree = "<group>"; };
		5065D6F05E1384330588FB75 /* Pods-ZoomSample.debug.xcconfig */ = {isa = PBXFileReference; includeInIndex = 1; lastKnownFileType = text.xcconfig; name = "Pods-ZoomSample.debug.xcconfig"; path = "Target Support Files/Pods-ZoomSample/Pods-ZoomSample.debug.xcconfig"; sourceTree = "<group>"; };
		A01943B9263826B4007DC553 /* Strings.swift */ = {isa = PBXFileReference; fileEncoding = 4; lastKnownFileType = sourcecode.swift; path = Strings.swift; sourceTree = "<group>"; };
		A01943BA263826B4007DC553 /* Assets.swift */ = {isa = PBXFileReference; fileEncoding = 4; lastKnownFileType = sourcecode.swift; path = Assets.swift; sourceTree = "<group>"; };
		A01943BF263826C2007DC553 /* Assets.xcassets */ = {isa = PBXFileReference; lastKnownFileType = folder.assetcatalog; path = Assets.xcassets; sourceTree = "<group>"; };
		A01943C1263826C2007DC553 /* Base */ = {isa = PBXFileReference; lastKnownFileType = file.storyboard; name = Base; path = Base.lproj/LaunchScreen.storyboard; sourceTree = "<group>"; };
		A01943C8263826EA007DC553 /* AppDelegate.swift */ = {isa = PBXFileReference; fileEncoding = 4; lastKnownFileType = sourcecode.swift; path = AppDelegate.swift; sourceTree = "<group>"; };
		A01943C9263826EA007DC553 /* ContentView.swift */ = {isa = PBXFileReference; fileEncoding = 4; lastKnownFileType = sourcecode.swift; path = ContentView.swift; sourceTree = "<group>"; };
		A01943CA263826EA007DC553 /* SceneDelegate.swift */ = {isa = PBXFileReference; fileEncoding = 4; lastKnownFileType = sourcecode.swift; path = SceneDelegate.swift; sourceTree = "<group>"; };
		A01943E626383430007DC553 /* ZoomScreenView.swift */ = {isa = PBXFileReference; lastKnownFileType = sourcecode.swift; path = ZoomScreenView.swift; sourceTree = "<group>"; };
		A030FC6C2637DB8800774D0E /* ZoomSample.app */ = {isa = PBXFileReference; explicitFileType = wrapper.application; includeInIndex = 0; path = ZoomSample.app; sourceTree = BUILT_PRODUCTS_DIR; };
		A030FC782637DB8A00774D0E /* Preview Assets.xcassets */ = {isa = PBXFileReference; lastKnownFileType = folder.assetcatalog; path = "Preview Assets.xcassets"; sourceTree = "<group>"; };
		A030FC7D2637DB8A00774D0E /* Info.plist */ = {isa = PBXFileReference; lastKnownFileType = text.plist.xml; path = Info.plist; sourceTree = "<group>"; };
		A0E5ABF926380439001728CA /* MobileRTC.framework */ = {isa = PBXFileReference; lastKnownFileType = wrapper.framework; name = MobileRTC.framework; path = "../../../Downloads/client-sdk-iOS-getting-started-master/MobileRTC.framework"; sourceTree = "<group>"; };
		F7503564E6F865C93B2515B4 /* Pods_ZoomSample.framework */ = {isa = PBXFileReference; explicitFileType = wrapper.framework; includeInIndex = 0; path = Pods_ZoomSample.framework; sourceTree = BUILT_PRODUCTS_DIR; };
/* End PBXFileReference section */

/* Begin PBXFrameworksBuildPhase section */
		A030FC692637DB8800774D0E /* Frameworks */ = {
			isa = PBXFrameworksBuildPhase;
			buildActionMask = 2147483647;
			files = (
				A01943E9263834CD007DC553 /* Pods_ZoomSample.framework in Frameworks */,
			);
			runOnlyForDeploymentPostprocessing = 0;
		};
/* End PBXFrameworksBuildPhase section */

/* Begin PBXGroup section */
		9C22FCB25C6C2B0D159DFC80 /* Pods */ = {
			isa = PBXGroup;
			children = (
				5065D6F05E1384330588FB75 /* Pods-ZoomSample.debug.xcconfig */,
				2A234317EA8E03F808759CDE /* Pods-ZoomSample.release.xcconfig */,
			);
			path = Pods;
			sourceTree = "<group>";
		};
		A01943B8263826B4007DC553 /* Generated */ = {
			isa = PBXGroup;
			children = (
				A01943B9263826B4007DC553 /* Strings.swift */,
				A01943BA263826B4007DC553 /* Assets.swift */,
			);
			path = Generated;
			sourceTree = "<group>";
		};
		A01943BE263826C2007DC553 /* Resources */ = {
			isa = PBXGroup;
			children = (
				A01943BF263826C2007DC553 /* Assets.xcassets */,
				A01943C0263826C2007DC553 /* LaunchScreen.storyboard */,
			);
			path = Resources;
			sourceTree = "<group>";
		};
		A01943C5263826EA007DC553 /* Sources */ = {
			isa = PBXGroup;
			children = (
				A01943C8263826EA007DC553 /* AppDelegate.swift */,
				A01943C9263826EA007DC553 /* ContentView.swift */,
				A01943CA263826EA007DC553 /* SceneDelegate.swift */,
				A01943E626383430007DC553 /* ZoomScreenView.swift */,
			);
			path = Sources;
			sourceTree = "<group>";
		};
		A030FC632637DB8800774D0E = {
			isa = PBXGroup;
			children = (
				A030FC6E2637DB8800774D0E /* ZoomSample */,
				A030FC6D2637DB8800774D0E /* Products */,
				9C22FCB25C6C2B0D159DFC80 /* Pods */,
				EE5137337FBEA64E49C50DFE /* Frameworks */,
			);
			sourceTree = "<group>";
		};
		A030FC6D2637DB8800774D0E /* Products */ = {
			isa = PBXGroup;
			children = (
				A030FC6C2637DB8800774D0E /* ZoomSample.app */,
			);
			name = Products;
			sourceTree = "<group>";
		};
		A030FC6E2637DB8800774D0E /* ZoomSample */ = {
			isa = PBXGroup;
			children = (
				A01943BE263826C2007DC553 /* Resources */,
				A01943B8263826B4007DC553 /* Generated */,
				A01943C5263826EA007DC553 /* Sources */,
				A030FC7D2637DB8A00774D0E /* Info.plist */,
				A030FC772637DB8A00774D0E /* Preview Content */,
			);
			path = ZoomSample;
			sourceTree = "<group>";
		};
		A030FC772637DB8A00774D0E /* Preview Content */ = {
			isa = PBXGroup;
			children = (
				A030FC782637DB8A00774D0E /* Preview Assets.xcassets */,
			);
			path = "Preview Content";
			sourceTree = "<group>";
		};
		EE5137337FBEA64E49C50DFE /* Frameworks */ = {
			isa = PBXGroup;
			children = (
				A0E5ABF926380439001728CA /* MobileRTC.framework */,
				F7503564E6F865C93B2515B4 /* Pods_ZoomSample.framework */,
			);
			name = Frameworks;
			sourceTree = "<group>";
		};
/* End PBXGroup section */

/* Begin PBXNativeTarget section */
		A030FC6B2637DB8800774D0E /* ZoomSample */ = {
			isa = PBXNativeTarget;
			buildConfigurationList = A030FC802637DB8A00774D0E /* Build configuration list for PBXNativeTarget "ZoomSample" */;
			buildPhases = (
				E54CBC925B5ABB6DD0D95C37 /* [CP] Check Pods Manifest.lock */,
				A030FC682637DB8800774D0E /* Sources */,
				A030FC692637DB8800774D0E /* Frameworks */,
				A030FC6A2637DB8800774D0E /* Resources */,
				80405DD8203D4E18E1757F54 /* [CP] Copy Pods Resources */,
				BBFDF5963247D3C2C8E20F2D /* [CP] Embed Pods Frameworks */,
			);
			buildRules = (
			);
			dependencies = (
			);
			name = ZoomSample;
			productName = ZoomSample;
			productReference = A030FC6C2637DB8800774D0E /* ZoomSample.app */;
			productType = "com.apple.product-type.application";
		};
/* End PBXNativeTarget section */

/* Begin PBXProject section */
		A030FC642637DB8800774D0E /* Project object */ = {
			isa = PBXProject;
			attributes = {
				LastSwiftUpdateCheck = 1240;
				LastUpgradeCheck = 1240;
				TargetAttributes = {
					A030FC6B2637DB8800774D0E = {
						CreatedOnToolsVersion = 12.4;
					};
				};
			};
			buildConfigurationList = A030FC672637DB8800774D0E /* Build configuration list for PBXProject "ZoomSample" */;
			compatibilityVersion = "Xcode 9.3";
			developmentRegion = en;
			hasScannedForEncodings = 0;
			knownRegions = (
				en,
				Base,
			);
			mainGroup = A030FC632637DB8800774D0E;
			productRefGroup = A030FC6D2637DB8800774D0E /* Products */;
			projectDirPath = "";
			projectRoot = "";
			targets = (
				A030FC6B2637DB8800774D0E /* ZoomSample */,
			);
		};
/* End PBXProject section */

/* Begin PBXResourcesBuildPhase section */
		A030FC6A2637DB8800774D0E /* Resources */ = {
			isa = PBXResourcesBuildPhase;
			buildActionMask = 2147483647;
			files = (
				A030FC792637DB8A00774D0E /* Preview Assets.xcassets in Resources */,
				A01943C2263826C2007DC553 /* Assets.xcassets in Resources */,
				A01943C3263826C2007DC553 /* LaunchScreen.storyboard in Resources */,
			);
			runOnlyForDeploymentPostprocessing = 0;
		};
/* End PBXResourcesBuildPhase section */

/* Begin PBXShellScriptBuildPhase section */
		80405DD8203D4E18E1757F54 /* [CP] Copy Pods Resources */ = {
			isa = PBXShellScriptBuildPhase;
			buildActionMask = 2147483647;
			files = (
			);
			inputFileListPaths = (
				"${PODS_ROOT}/Target Support Files/Pods-ZoomSample/Pods-ZoomSample-resources-${CONFIGURATION}-input-files.xcfilelist",
			);
			name = "[CP] Copy Pods Resources";
			outputFileListPaths = (
				"${PODS_ROOT}/Target Support Files/Pods-ZoomSample/Pods-ZoomSample-resources-${CONFIGURATION}-output-files.xcfilelist",
			);
			runOnlyForDeploymentPostprocessing = 0;
			shellPath = /bin/sh;
			shellScript = "\"${PODS_ROOT}/Target Support Files/Pods-ZoomSample/Pods-ZoomSample-resources.sh\"\n";
			showEnvVarsInLog = 0;
		};
		BBFDF5963247D3C2C8E20F2D /* [CP] Embed Pods Frameworks */ = {
			isa = PBXShellScriptBuildPhase;
			buildActionMask = 2147483647;
			files = (
			);
			inputFileListPaths = (
				"${PODS_ROOT}/Target Support Files/Pods-ZoomSample/Pods-ZoomSample-frameworks-${CONFIGURATION}-input-files.xcfilelist",
			);
			name = "[CP] Embed Pods Frameworks";
			outputFileListPaths = (
				"${PODS_ROOT}/Target Support Files/Pods-ZoomSample/Pods-ZoomSample-frameworks-${CONFIGURATION}-output-files.xcfilelist",
			);
			runOnlyForDeploymentPostprocessing = 0;
			shellPath = /bin/sh;
			shellScript = "\"${PODS_ROOT}/Target Support Files/Pods-ZoomSample/Pods-ZoomSample-frameworks.sh\"\n";
			showEnvVarsInLog = 0;
		};
		E54CBC925B5ABB6DD0D95C37 /* [CP] Check Pods Manifest.lock */ = {
			isa = PBXShellScriptBuildPhase;
			buildActionMask = 2147483647;
			files = (
			);
			inputFileListPaths = (
			);
			inputPaths = (
				"${PODS_PODFILE_DIR_PATH}/Podfile.lock",
				"${PODS_ROOT}/Manifest.lock",
			);
			name = "[CP] Check Pods Manifest.lock";
			outputFileListPaths = (
			);
			outputPaths = (
				"$(DERIVED_FILE_DIR)/Pods-ZoomSample-checkManifestLockResult.txt",
			);
			runOnlyForDeploymentPostprocessing = 0;
			shellPath = /bin/sh;
			shellScript = "diff \"${PODS_PODFILE_DIR_PATH}/Podfile.lock\" \"${PODS_ROOT}/Manifest.lock\" > /dev/null\nif [ $? != 0 ] ; then\n    # print error to STDERR\n    echo \"error: The sandbox is not in sync with the Podfile.lock. Run 'pod install' or update your CocoaPods installation.\" >&2\n    exit 1\nfi\n# This output is used by Xcode 'outputs' to avoid re-running this script phase.\necho \"SUCCESS\" > \"${SCRIPT_OUTPUT_FILE_0}\"\n";
			showEnvVarsInLog = 0;
		};
/* End PBXShellScriptBuildPhase section */

/* Begin PBXSourcesBuildPhase section */
		A030FC682637DB8800774D0E /* Sources */ = {
			isa = PBXSourcesBuildPhase;
			buildActionMask = 2147483647;
			files = (
				A01943CC263826EA007DC553 /* AppDelegate.swift in Sources */,
				A01943CD263826EA007DC553 /* ContentView.swift in Sources */,
				A01943BB263826B4007DC553 /* Strings.swift in Sources */,
				A01943E726383430007DC553 /* ZoomScreenView.swift in Sources */,
				A01943BC263826B4007DC553 /* Assets.swift in Sources */,
				A01943CE263826EA007DC553 /* SceneDelegate.swift in Sources */,
			);
			runOnlyForDeploymentPostprocessing = 0;
		};
/* End PBXSourcesBuildPhase section */

/* Begin PBXVariantGroup section */
		A01943C0263826C2007DC553 /* LaunchScreen.storyboard */ = {
			isa = PBXVariantGroup;
			children = (
				A01943C1263826C2007DC553 /* Base */,
			);
			name = LaunchScreen.storyboard;
			sourceTree = "<group>";
		};
/* End PBXVariantGroup section */

/* Begin XCBuildConfiguration section */
		A030FC7E2637DB8A00774D0E /* Debug */ = {
			isa = XCBuildConfiguration;
			buildSettings = {
				ALWAYS_SEARCH_USER_PATHS = NO;
				CLANG_ANALYZER_NONNULL = YES;
				CLANG_ANALYZER_NUMBER_OBJECT_CONVERSION = YES_AGGRESSIVE;
				CLANG_CXX_LANGUAGE_STANDARD = "gnu++14";
				CLANG_CXX_LIBRARY = "libc++";
				CLANG_ENABLE_MODULES = YES;
				CLANG_ENABLE_OBJC_ARC = YES;
				CLANG_ENABLE_OBJC_WEAK = YES;
				CLANG_WARN_BLOCK_CAPTURE_AUTORELEASING = YES;
				CLANG_WARN_BOOL_CONVERSION = YES;
				CLANG_WARN_COMMA = YES;
				CLANG_WARN_CONSTANT_CONVERSION = YES;
				CLANG_WARN_DEPRECATED_OBJC_IMPLEMENTATIONS = YES;
				CLANG_WARN_DIRECT_OBJC_ISA_USAGE = YES_ERROR;
				CLANG_WARN_DOCUMENTATION_COMMENTS = YES;
				CLANG_WARN_EMPTY_BODY = YES;
				CLANG_WARN_ENUM_CONVERSION = YES;
				CLANG_WARN_INFINITE_RECURSION = YES;
				CLANG_WARN_INT_CONVERSION = YES;
				CLANG_WARN_NON_LITERAL_NULL_CONVERSION = YES;
				CLANG_WARN_OBJC_IMPLICIT_RETAIN_SELF = YES;
				CLANG_WARN_OBJC_LITERAL_CONVERSION = YES;
				CLANG_WARN_OBJC_ROOT_CLASS = YES_ERROR;
				CLANG_WARN_QUOTED_INCLUDE_IN_FRAMEWORK_HEADER = YES;
				CLANG_WARN_RANGE_LOOP_ANALYSIS = YES;
				CLANG_WARN_STRICT_PROTOTYPES = YES;
				CLANG_WARN_SUSPICIOUS_MOVE = YES;
				CLANG_WARN_UNGUARDED_AVAILABILITY = YES_AGGRESSIVE;
				CLANG_WARN_UNREACHABLE_CODE = YES;
				CLANG_WARN__DUPLICATE_METHOD_MATCH = YES;
				COPY_PHASE_STRIP = NO;
				DEBUG_INFORMATION_FORMAT = dwarf;
				ENABLE_STRICT_OBJC_MSGSEND = YES;
				ENABLE_TESTABILITY = YES;
				GCC_C_LANGUAGE_STANDARD = gnu11;
				GCC_DYNAMIC_NO_PIC = NO;
				GCC_NO_COMMON_BLOCKS = YES;
				GCC_OPTIMIZATION_LEVEL = 0;
				GCC_PREPROCESSOR_DEFINITIONS = (
					"DEBUG=1",
					"$(inherited)",
				);
				GCC_WARN_64_TO_32_BIT_CONVERSION = YES;
				GCC_WARN_ABOUT_RETURN_TYPE = YES_ERROR;
				GCC_WARN_UNDECLARED_SELECTOR = YES;
				GCC_WARN_UNINITIALIZED_AUTOS = YES_AGGRESSIVE;
				GCC_WARN_UNUSED_FUNCTION = YES;
				GCC_WARN_UNUSED_VARIABLE = YES;
				IPHONEOS_DEPLOYMENT_TARGET = 13.0;
				MTL_ENABLE_DEBUG_INFO = INCLUDE_SOURCE;
				MTL_FAST_MATH = YES;
				ONLY_ACTIVE_ARCH = YES;
				SDKROOT = iphoneos;
				SWIFT_ACTIVE_COMPILATION_CONDITIONS = DEBUG;
				SWIFT_OPTIMIZATION_LEVEL = "-Onone";
			};
			name = Debug;
		};
		A030FC7F2637DB8A00774D0E /* Release */ = {
			isa = XCBuildConfiguration;
			buildSettings = {
				ALWAYS_SEARCH_USER_PATHS = NO;
				CLANG_ANALYZER_NONNULL = YES;
				CLANG_ANALYZER_NUMBER_OBJECT_CONVERSION = YES_AGGRESSIVE;
				CLANG_CXX_LANGUAGE_STANDARD = "gnu++14";
				CLANG_CXX_LIBRARY = "libc++";
				CLANG_ENABLE_MODULES = YES;
				CLANG_ENABLE_OBJC_ARC = YES;
				CLANG_ENABLE_OBJC_WEAK = YES;
				CLANG_WARN_BLOCK_CAPTURE_AUTORELEASING = YES;
				CLANG_WARN_BOOL_CONVERSION = YES;
				CLANG_WARN_COMMA = YES;
				CLANG_WARN_CONSTANT_CONVERSION = YES;
				CLANG_WARN_DEPRECATED_OBJC_IMPLEMENTATIONS = YES;
				CLANG_WARN_DIRECT_OBJC_ISA_USAGE = YES_ERROR;
				CLANG_WARN_DOCUMENTATION_COMMENTS = YES;
				CLANG_WARN_EMPTY_BODY = YES;
				CLANG_WARN_ENUM_CONVERSION = YES;
				CLANG_WARN_INFINITE_RECURSION = YES;
				CLANG_WARN_INT_CONVERSION = YES;
				CLANG_WARN_NON_LITERAL_NULL_CONVERSION = YES;
				CLANG_WARN_OBJC_IMPLICIT_RETAIN_SELF = YES;
				CLANG_WARN_OBJC_LITERAL_CONVERSION = YES;
				CLANG_WARN_OBJC_ROOT_CLASS = YES_ERROR;
				CLANG_WARN_QUOTED_INCLUDE_IN_FRAMEWORK_HEADER = YES;
				CLANG_WARN_RANGE_LOOP_ANALYSIS = YES;
				CLANG_WARN_STRICT_PROTOTYPES = YES;
				CLANG_WARN_SUSPICIOUS_MOVE = YES;
				CLANG_WARN_UNGUARDED_AVAILABILITY = YES_AGGRESSIVE;
				CLANG_WARN_UNREACHABLE_CODE = YES;
				CLANG_WARN__DUPLICATE_METHOD_MATCH = YES;
				COPY_PHASE_STRIP = NO;
				DEBUG_INFORMATION_FORMAT = "dwarf-with-dsym";
				ENABLE_NS_ASSERTIONS = NO;
				ENABLE_STRICT_OBJC_MSGSEND = YES;
				GCC_C_LANGUAGE_STANDARD = gnu11;
				GCC_NO_COMMON_BLOCKS = YES;
				GCC_WARN_64_TO_32_BIT_CONVERSION = YES;
				GCC_WARN_ABOUT_RETURN_TYPE = YES_ERROR;
				GCC_WARN_UNDECLARED_SELECTOR = YES;
				GCC_WARN_UNINITIALIZED_AUTOS = YES_AGGRESSIVE;
				GCC_WARN_UNUSED_FUNCTION = YES;
				GCC_WARN_UNUSED_VARIABLE = YES;
				IPHONEOS_DEPLOYMENT_TARGET = 13.0;
				MTL_ENABLE_DEBUG_INFO = NO;
				MTL_FAST_MATH = YES;
				SDKROOT = iphoneos;
				SWIFT_COMPILATION_MODE = wholemodule;
				SWIFT_OPTIMIZATION_LEVEL = "-O";
				VALIDATE_PRODUCT = YES;
			};
			name = Release;
		};
		A030FC812637DB8A00774D0E /* Debug */ = {
			isa = XCBuildConfiguration;
			baseConfigurationReference = 5065D6F05E1384330588FB75 /* Pods-ZoomSample.debug.xcconfig */;
			buildSettings = {
				ASSETCATALOG_COMPILER_APPICON_NAME = AppIcon;
				ASSETCATALOG_COMPILER_GLOBAL_ACCENT_COLOR_NAME = AccentColor;
				CODE_SIGN_STYLE = Automatic;
				DEVELOPMENT_ASSET_PATHS = "\"ZoomSample/Preview Content\"";
				DEVELOPMENT_TEAM = DA47KPJM25;
				ENABLE_PREVIEWS = YES;
				INFOPLIST_FILE = ZoomSample/Info.plist;
				LD_RUNPATH_SEARCH_PATHS = (
					"$(inherited)",
					"@executable_path/Frameworks",
				);
				PRODUCT_BUNDLE_IDENTIFIER = yoshiatsu.irei.hirosima.dx.ZoomSample;
				PRODUCT_NAME = "$(TARGET_NAME)";
				SWIFT_VERSION = 5.0;
				TARGETED_DEVICE_FAMILY = "1,2";
			};
			name = Debug;
		};
		A030FC822637DB8A00774D0E /* Release */ = {
			isa = XCBuildConfiguration;
			baseConfigurationReference = 2A234317EA8E03F808759CDE /* Pods-ZoomSample.release.xcconfig */;
			buildSettings = {
				ASSETCATALOG_COMPILER_APPICON_NAME = AppIcon;
				ASSETCATALOG_COMPILER_GLOBAL_ACCENT_COLOR_NAME = AccentColor;
				CODE_SIGN_STYLE = Automatic;
				DEVELOPMENT_ASSET_PATHS = "\"ZoomSample/Preview Content\"";
				DEVELOPMENT_TEAM = DA47KPJM25;
				ENABLE_PREVIEWS = YES;
				INFOPLIST_FILE = ZoomSample/Info.plist;
				LD_RUNPATH_SEARCH_PATHS = (
					"$(inherited)",
					"@executable_path/Frameworks",
				);
				PRODUCT_BUNDLE_IDENTIFIER = yoshiatsu.irei.hirosima.dx.ZoomSample;
				PRODUCT_NAME = "$(TARGET_NAME)";
				SWIFT_VERSION = 5.0;
				TARGETED_DEVICE_FAMILY = "1,2";
			};
			name = Release;
		};
/* End XCBuildConfiguration section */

/* Begin XCConfigurationList section */
		A030FC672637DB8800774D0E /* Build configuration list for PBXProject "ZoomSample" */ = {
			isa = XCConfigurationList;
			buildConfigurations = (
				A030FC7E2637DB8A00774D0E /* Debug */,
				A030FC7F2637DB8A00774D0E /* Release */,
			);
			defaultConfigurationIsVisible = 0;
			defaultConfigurationName = Release;
		};
		A030FC802637DB8A00774D0E /* Build configuration list for PBXNativeTarget "ZoomSample" */ = {
			isa = XCConfigurationList;
			buildConfigurations = (
				A030FC812637DB8A00774D0E /* Debug */,
				A030FC822637DB8A00774D0E /* Release */,
			);
			defaultConfigurationIsVisible = 0;
			defaultConfigurationName = Release;
		};
/* End XCConfigurationList section */
	};
	rootObject = A030FC642637DB8800774D0E /* Project object */;
}
